
Microsoft Visual Studio Solution File, Format Version 12.00
# Visual Studio 15
VisualStudioVersion = 15.0.27428.2037
MinimumVisualStudioVersion = 10.0.40219.1
Project("{FAE04EC0-301F-11D3-BF4B-00C04F79EFBC}") = "RegionToDatabase", "RegionToDatabase\RegionToDatabase.csproj", "{B781F4FD-0FA0-4461-93F2-22732514F658}"
EndProject
Global
	GlobalSection(SolutionConfigurationPlatforms) = preSolution
		Debug|Any CPU = Debug|Any CPU
		Release|Any CPU = Release|Any CPU
	EndGlobalSection
	GlobalSection(ProjectConfigurationPlatforms) = postSolution
		{B781F4FD-0FA0-4461-93F2-22732514F658}.Debug|Any CPU.ActiveCfg = Debug|Any CPU
		{B781F4FD-0FA0-4461-93F2-22732514F658}.Debug|Any CPU.Build.0 = Debug|Any CPU
		{B781F4FD-0FA0-4461-93F2-22732514F658}.Release|Any CPU.ActiveCfg = Release|Any CPU
		{B781F4FD-0FA0-4461-93F2-22732514F658}.Release|Any CPU.Build.0 = Release|Any CPU
	EndGlobalSection
	GlobalSection(SolutionProperties) = preSolution
		HideSolutionNode = FALSE
	EndGlobalSection
	GlobalSection(ExtensibilityGlobals) = postSolution
		SolutionGuid = {CF5469C0-5B9E-468B-8915-01BBC927E9B9}
	EndGlobalSection
EndGlobal
